
Microsoft Visual Studio Solution File, Format Version 12.00
# Visual Studio Version 17
VisualStudioVersion = 17.3.32929.385
MinimumVisualStudioVersion = 10.0.40219.1
Project("{FAE04EC0-301F-11D3-BF4B-00C04F79EFBC}") = "HelloJenkin", "HelloJenkin\HelloJenkin.csproj", "{D39EC623-D9EC-4ED8-958A-B847D162D140}"
EndProject
Project("{FAE04EC0-301F-11D3-BF4B-00C04F79EFBC}") = "Calculator", "Calculator\Calculator.csproj", "{7497DFDC-83AD-43BD-9C6F-661D54677287}"
EndProject
Global
	GlobalSection(SolutionConfigurationPlatforms) = preSolution
		Debug|Any CPU = Debug|Any CPU
		Release|Any CPU = Release|Any CPU
	EndGlobalSection
	GlobalSection(ProjectConfigurationPlatforms) = postSolution
		{D39EC623-D9EC-4ED8-958A-B847D162D140}.Debug|Any CPU.ActiveCfg = Debug|Any CPU
		{D39EC623-D9EC-4ED8-958A-B847D162D140}.Debug|Any CPU.Build.0 = Debug|Any CPU
		{D39EC623-D9EC-4ED8-958A-B847D162D140}.Release|Any CPU.ActiveCfg = Release|Any CPU
		{D39EC623-D9EC-4ED8-958A-B847D162D140}.Release|Any CPU.Build.0 = Release|Any CPU
		{7497DFDC-83AD-43BD-9C6F-661D54677287}.Debug|Any CPU.ActiveCfg = Debug|Any CPU
		{7497DFDC-83AD-43BD-9C6F-661D54677287}.Debug|Any CPU.Build.0 = Debug|Any CPU
		{7497DFDC-83AD-43BD-9C6F-661D54677287}.Release|Any CPU.ActiveCfg = Release|Any CPU
		{7497DFDC-83AD-43BD-9C6F-661D54677287}.Release|Any CPU.Build.0 = Release|Any CPU
	EndGlobalSection
	GlobalSection(SolutionProperties) = preSolution
		HideSolutionNode = FALSE
	EndGlobalSection
	GlobalSection(ExtensibilityGlobals) = postSolution
		SolutionGuid = {FC8D9B04-2DAB-4DCF-AEA5-FDA46E93F518}
	EndGlobalSection
EndGlobal
